
Microsoft Visual Studio Solution File, Format Version 12.00
# Visual Studio Version 17
VisualStudioVersion = 17.14.36414.22 d17.14
MinimumVisualStudioVersion = 10.0.40219.1
Project("{FAE04EC0-301F-11D3-BF4B-00C04F79EFBC}") = "WMS", "WMS\WMS.csproj", "{0AAA8913-3F5F-45A6-9323-036704976BC8}"
EndProject
Global
	GlobalSection(SolutionConfigurationPlatforms) = preSolution
		Debug|Any CPU = Debug|Any CPU
		Release|Any CPU = Release|Any CPU
	EndGlobalSection
	GlobalSection(ProjectConfigurationPlatforms) = postSolution
		{0AAA8913-3F5F-45A6-9323-036704976BC8}.Debug|Any CPU.ActiveCfg = Debug|Any CPU
		{0AAA8913-3F5F-45A6-9323-036704976BC8}.Debug|Any CPU.Build.0 = Debug|Any CPU
		{0AAA8913-3F5F-45A6-9323-036704976BC8}.Release|Any CPU.ActiveCfg = Release|Any CPU
		{0AAA8913-3F5F-45A6-9323-036704976BC8}.Release|Any CPU.Build.0 = Release|Any CPU
	EndGlobalSection
	GlobalSection(SolutionProperties) = preSolution
		HideSolutionNode = FALSE
	EndGlobalSection
	GlobalSection(ExtensibilityGlobals) = postSolution
		SolutionGuid = {D81CB8C4-D0E4-467D-BBE1-E20C1D3C4BBF}
	EndGlobalSection
EndGlobal
